
Microsoft Visual Studio Solution File, Format Version 12.00
# Visual Studio Version 17
VisualStudioVersion = 17.11.35222.181
MinimumVisualStudioVersion = 10.0.40219.1
Project("{FAE04EC0-301F-11D3-BF4B-00C04F79EFBC}") = "WebsiteQuanLyDinhDuongCaNhan", "WebsiteQuanLyDinhDuongCaNhan\WebsiteQuanLyDinhDuongCaNhan.csproj", "{4EEAF63F-7260-49DC-937F-8BFF9DE24121}"
EndProject
Global
	GlobalSection(SolutionConfigurationPlatforms) = preSolution
		Debug|Any CPU = Debug|Any CPU
		Release|Any CPU = Release|Any CPU
	EndGlobalSection
	GlobalSection(ProjectConfigurationPlatforms) = postSolution
		{4EEAF63F-7260-49DC-937F-8BFF9DE24121}.Debug|Any CPU.ActiveCfg = Debug|Any CPU
		{4EEAF63F-7260-49DC-937F-8BFF9DE24121}.Debug|Any CPU.Build.0 = Debug|Any CPU
		{4EEAF63F-7260-49DC-937F-8BFF9DE24121}.Release|Any CPU.ActiveCfg = Release|Any CPU
		{4EEAF63F-7260-49DC-937F-8BFF9DE24121}.Release|Any CPU.Build.0 = Release|Any CPU
	EndGlobalSection
	GlobalSection(SolutionProperties) = preSolution
		HideSolutionNode = FALSE
	EndGlobalSection
	GlobalSection(ExtensibilityGlobals) = postSolution
		SolutionGuid = {78463C9E-53DF-4F70-A93F-A3BD63D4E1B8}
	EndGlobalSection
EndGlobal
